
Microsoft Visual Studio Solution File, Format Version 12.00
# Visual Studio Version 17
VisualStudioVersion = 17.14.36327.8 d17.14
MinimumVisualStudioVersion = 10.0.40219.1
Project("{FAE04EC0-301F-11D3-BF4B-00C04F79EFBC}") = "Triangle type identifier", "Triangle type identifier\Triangle type identifier.csproj", "{A5F5CC19-A9C1-4E79-B88A-6A5F50545842}"
EndProject
Global
	GlobalSection(SolutionConfigurationPlatforms) = preSolution
		Debug|Any CPU = Debug|Any CPU
		Release|Any CPU = Release|Any CPU
	EndGlobalSection
	GlobalSection(ProjectConfigurationPlatforms) = postSolution
		{A5F5CC19-A9C1-4E79-B88A-6A5F50545842}.Debug|Any CPU.ActiveCfg = Debug|Any CPU
		{A5F5CC19-A9C1-4E79-B88A-6A5F50545842}.Debug|Any CPU.Build.0 = Debug|Any CPU
		{A5F5CC19-A9C1-4E79-B88A-6A5F50545842}.Release|Any CPU.ActiveCfg = Release|Any CPU
		{A5F5CC19-A9C1-4E79-B88A-6A5F50545842}.Release|Any CPU.Build.0 = Release|Any CPU
	EndGlobalSection
	GlobalSection(SolutionProperties) = preSolution
		HideSolutionNode = FALSE
	EndGlobalSection
	GlobalSection(ExtensibilityGlobals) = postSolution
		SolutionGuid = {0F3C3F2F-8AA5-4FF2-B91C-B63FEFE5F622}
	EndGlobalSection
EndGlobal
