
Microsoft Visual Studio Solution File, Format Version 12.00
# Visual Studio Version 17
VisualStudioVersion = 17.14.36327.8 d17.14
MinimumVisualStudioVersion = 10.0.40219.1
Project("{FAE04EC0-301F-11D3-BF4B-00C04F79EFBC}") = "Grade calculator", "Grade calculator\Grade calculator.csproj", "{1254606A-E6FD-494C-AB19-422FFB63A629}"
EndProject
Global
	GlobalSection(SolutionConfigurationPlatforms) = preSolution
		Debug|Any CPU = Debug|Any CPU
		Release|Any CPU = Release|Any CPU
	EndGlobalSection
	GlobalSection(ProjectConfigurationPlatforms) = postSolution
		{1254606A-E6FD-494C-AB19-422FFB63A629}.Debug|Any CPU.ActiveCfg = Debug|Any CPU
		{1254606A-E6FD-494C-AB19-422FFB63A629}.Debug|Any CPU.Build.0 = Debug|Any CPU
		{1254606A-E6FD-494C-AB19-422FFB63A629}.Release|Any CPU.ActiveCfg = Release|Any CPU
		{1254606A-E6FD-494C-AB19-422FFB63A629}.Release|Any CPU.Build.0 = Release|Any CPU
	EndGlobalSection
	GlobalSection(SolutionProperties) = preSolution
		HideSolutionNode = FALSE
	EndGlobalSection
	GlobalSection(ExtensibilityGlobals) = postSolution
		SolutionGuid = {F073EE5E-A273-48BB-8614-C946C9705C31}
	EndGlobalSection
EndGlobal
